
Microsoft Visual Studio Solution File, Format Version 12.00
# Visual Studio 15
VisualStudioVersion = 15.0.26430.16
MinimumVisualStudioVersion = 10.0.40219.1
Project("{FAE04EC0-301F-11D3-BF4B-00C04F79EFBC}") = "WebApplication4", "WebApplication4\WebApplication4.csproj", "{FD3FF746-4D17-4C5C-8DC1-39B42F27066D}"
EndProject
Global
	GlobalSection(SolutionConfigurationPlatforms) = preSolution
		Debug|Any CPU = Debug|Any CPU
		Release|Any CPU = Release|Any CPU
	EndGlobalSection
	GlobalSection(ProjectConfigurationPlatforms) = postSolution
		{FD3FF746-4D17-4C5C-8DC1-39B42F27066D}.Debug|Any CPU.ActiveCfg = Debug|Any CPU
		{FD3FF746-4D17-4C5C-8DC1-39B42F27066D}.Debug|Any CPU.Build.0 = Debug|Any CPU
		{FD3FF746-4D17-4C5C-8DC1-39B42F27066D}.Release|Any CPU.ActiveCfg = Release|Any CPU
		{FD3FF746-4D17-4C5C-8DC1-39B42F27066D}.Release|Any CPU.Build.0 = Release|Any CPU
	EndGlobalSection
	GlobalSection(SolutionProperties) = preSolution
		HideSolutionNode = FALSE
	EndGlobalSection
EndGlobal
